
Microsoft Visual Studio Solution File, Format Version 12.00
# Visual Studio Version 17
VisualStudioVersion = 17.9.34616.47
MinimumVisualStudioVersion = 10.0.40219.1
Project("{9A19103F-16F7-4668-BE54-9A1E7A4F7556}") = "Welcome", "Welcome\Welcome.csproj", "{75B5B6D1-5229-44AF-92F7-B7BB79ED273A}"
EndProject
Project("{9A19103F-16F7-4668-BE54-9A1E7A4F7556}") = "WelcomeExtended", "WelcomeExtended\WelcomeExtended.csproj", "{F308D948-6128-4B23-AA5B-A166092F4E74}"
EndProject
Project("{2150E333-8FDC-42A3-9474-1A3956D46DE8}") = "Solution Items", "Solution Items", "{D8772AF2-BFEC-4223-B61F-394356455418}"
	ProjectSection(SolutionItems) = preProject
		.editorconfig = .editorconfig
	EndProjectSection
EndProject
Project("{FAE04EC0-301F-11D3-BF4B-00C04F79EFBC}") = "DataLayer", "DataLayer\DataLayer.csproj", "{CE8675B7-B674-46F0-9BEE-96A806518CA7}"
EndProject
Project("{FAE04EC0-301F-11D3-BF4B-00C04F79EFBC}") = "UI", "UI\UI.csproj", "{C3B42E66-B167-40E8-818B-2D21D22A5EB6}"
EndProject
Global
	GlobalSection(SolutionConfigurationPlatforms) = preSolution
		Debug|Any CPU = Debug|Any CPU
		Release|Any CPU = Release|Any CPU
	EndGlobalSection
	GlobalSection(ProjectConfigurationPlatforms) = postSolution
		{75B5B6D1-5229-44AF-92F7-B7BB79ED273A}.Debug|Any CPU.ActiveCfg = Debug|Any CPU
		{75B5B6D1-5229-44AF-92F7-B7BB79ED273A}.Debug|Any CPU.Build.0 = Debug|Any CPU
		{75B5B6D1-5229-44AF-92F7-B7BB79ED273A}.Release|Any CPU.ActiveCfg = Release|Any CPU
		{75B5B6D1-5229-44AF-92F7-B7BB79ED273A}.Release|Any CPU.Build.0 = Release|Any CPU
		{F308D948-6128-4B23-AA5B-A166092F4E74}.Debug|Any CPU.ActiveCfg = Debug|Any CPU
		{F308D948-6128-4B23-AA5B-A166092F4E74}.Debug|Any CPU.Build.0 = Debug|Any CPU
		{F308D948-6128-4B23-AA5B-A166092F4E74}.Release|Any CPU.ActiveCfg = Release|Any CPU
		{F308D948-6128-4B23-AA5B-A166092F4E74}.Release|Any CPU.Build.0 = Release|Any CPU
		{CE8675B7-B674-46F0-9BEE-96A806518CA7}.Debug|Any CPU.ActiveCfg = Debug|Any CPU
		{CE8675B7-B674-46F0-9BEE-96A806518CA7}.Debug|Any CPU.Build.0 = Debug|Any CPU
		{CE8675B7-B674-46F0-9BEE-96A806518CA7}.Release|Any CPU.ActiveCfg = Release|Any CPU
		{CE8675B7-B674-46F0-9BEE-96A806518CA7}.Release|Any CPU.Build.0 = Release|Any CPU
		{C3B42E66-B167-40E8-818B-2D21D22A5EB6}.Debug|Any CPU.ActiveCfg = Debug|Any CPU
		{C3B42E66-B167-40E8-818B-2D21D22A5EB6}.Debug|Any CPU.Build.0 = Debug|Any CPU
		{C3B42E66-B167-40E8-818B-2D21D22A5EB6}.Release|Any CPU.ActiveCfg = Release|Any CPU
		{C3B42E66-B167-40E8-818B-2D21D22A5EB6}.Release|Any CPU.Build.0 = Release|Any CPU
	EndGlobalSection
	GlobalSection(SolutionProperties) = preSolution
		HideSolutionNode = FALSE
	EndGlobalSection
	GlobalSection(ExtensibilityGlobals) = postSolution
		SolutionGuid = {534B3042-BDB1-4515-BE81-459C303498FD}
	EndGlobalSection
EndGlobal
